
Microsoft Visual Studio Solution File, Format Version 12.00
# Visual Studio Version 17
VisualStudioVersion = 17.8.34309.116
MinimumVisualStudioVersion = 10.0.40219.1
Project("{9A19103F-16F7-4668-BE54-9A1E7A4F7556}") = "CameraDiplomat", "CameraDiplomat.csproj", "{03A4010E-D425-40D6-A70F-9AE1D00C0FD2}"
EndProject
Global
	GlobalSection(SolutionConfigurationPlatforms) = preSolution
		Debug|Any CPU = Debug|Any CPU
		Release|Any CPU = Release|Any CPU
	EndGlobalSection
	GlobalSection(ProjectConfigurationPlatforms) = postSolution
		{03A4010E-D425-40D6-A70F-9AE1D00C0FD2}.Debug|Any CPU.ActiveCfg = Release|Any CPU
		{03A4010E-D425-40D6-A70F-9AE1D00C0FD2}.Debug|Any CPU.Build.0 = Release|Any CPU
		{03A4010E-D425-40D6-A70F-9AE1D00C0FD2}.Debug|Any CPU.Deploy.0 = Release|Any CPU
		{03A4010E-D425-40D6-A70F-9AE1D00C0FD2}.Release|Any CPU.ActiveCfg = Release|Any CPU
		{03A4010E-D425-40D6-A70F-9AE1D00C0FD2}.Release|Any CPU.Build.0 = Release|Any CPU
		{03A4010E-D425-40D6-A70F-9AE1D00C0FD2}.Release|Any CPU.Deploy.0 = Release|Any CPU
	EndGlobalSection
	GlobalSection(SolutionProperties) = preSolution
		HideSolutionNode = FALSE
	EndGlobalSection
	GlobalSection(ExtensibilityGlobals) = postSolution
		SolutionGuid = {A8C60D65-B3A7-4F2B-9F09-B0BE3F6ECFEE}
	EndGlobalSection
EndGlobal
